
Microsoft Visual Studio Solution File, Format Version 12.00
# Visual Studio Version 17
VisualStudioVersion = 17.8.34316.72
MinimumVisualStudioVersion = 10.0.40219.1
Project("{FAE04EC0-301F-11D3-BF4B-00C04F79EFBC}") = "E-Commerce", "E-Commerce\E-Commerce.csproj", "{519A7922-646B-4F64-8E50-ED11F1BFE611}"
EndProject
Global
	GlobalSection(SolutionConfigurationPlatforms) = preSolution
		Debug|Any CPU = Debug|Any CPU
		Release|Any CPU = Release|Any CPU
	EndGlobalSection
	GlobalSection(ProjectConfigurationPlatforms) = postSolution
		{519A7922-646B-4F64-8E50-ED11F1BFE611}.Debug|Any CPU.ActiveCfg = Debug|Any CPU
		{519A7922-646B-4F64-8E50-ED11F1BFE611}.Debug|Any CPU.Build.0 = Debug|Any CPU
		{519A7922-646B-4F64-8E50-ED11F1BFE611}.Release|Any CPU.ActiveCfg = Release|Any CPU
		{519A7922-646B-4F64-8E50-ED11F1BFE611}.Release|Any CPU.Build.0 = Release|Any CPU
	EndGlobalSection
	GlobalSection(SolutionProperties) = preSolution
		HideSolutionNode = FALSE
	EndGlobalSection
	GlobalSection(ExtensibilityGlobals) = postSolution
		SolutionGuid = {5F47C153-26C7-4F17-8AAF-D7D982FAB914}
	EndGlobalSection
EndGlobal
